// !$*UTF8*$!
{
	archiveVersion = 1;
	classes = {
	};
	objectVersion = 46;
	objects = {

/* Begin PBXBuildFile section */
		4333DF7F1D752B7C00D8DE8C /* AppDelegate.swift in Sources */ = {isa = PBXBuildFile; fileRef = 4333DF7E1D752B7C00D8DE8C /* AppDelegate.swift */; };
		4333DF811D752B7C00D8DE8C /* ViewController.swift in Sources */ = {isa = PBXBuildFile; fileRef = 4333DF801D752B7C00D8DE8C /* ViewController.swift */; };
		4333DF841D752B7C00D8DE8C /* Main.storyboard in Resources */ = {isa = PBXBuildFile; fileRef = 4333DF821D752B7C00D8DE8C /* Main.storyboard */; };
		4333DF861D752B7C00D8DE8C /* Assets.xcassets in Resources */ = {isa = PBXBuildFile; fileRef = 4333DF851D752B7C00D8DE8C /* Assets.xcassets */; };
		4333DF891D752B7C00D8DE8C /* LaunchScreen.storyboard in Resources */ = {isa = PBXBuildFile; fileRef = 4333DF871D752B7C00D8DE8C /* LaunchScreen.storyboard */; };
		4333DF941D752B7C00D8DE8C /* WeatherLayoutTests.swift in Sources */ = {isa = PBXBuildFile; fileRef = 4333DF931D752B7C00D8DE8C /* WeatherLayoutTests.swift */; };
		4333DF9F1D752B7C00D8DE8C /* WeatherLayoutUITests.swift in Sources */ = {isa = PBXBuildFile; fileRef = 4333DF9E1D752B7C00D8DE8C /* WeatherLayoutUITests.swift */; };
/* End PBXBuildFile section */

/* Begin PBXContainerItemProxy section */
		4333DF901D752B7C00D8DE8C /* PBXContainerItemProxy */ = {
			isa = PBXContainerItemProxy;
			containerPortal = 4333DF731D752B7C00D8DE8C /* Project object */;
			proxyType = 1;
			remoteGlobalIDString = 4333DF7A1D752B7C00D8DE8C;
			remoteInfo = WeatherLayout;
		};
		4333DF9B1D752B7C00D8DE8C /* PBXContainerItemProxy */ = {
			isa = PBXContainerItemProxy;
			containerPortal = 4333DF731D752B7C00D8DE8C /* Project object */;
			proxyType = 1;
			remoteGlobalIDString = 4333DF7A1D752B7C00D8DE8C;
			remoteInfo = WeatherLayout;
		};
/* End PBXContainerItemProxy section */

/* Begin PBXFileReference section */
		4333DF7B1D752B7C00D8DE8C /* WeatherLayout.app */ = {isa = PBXFileReference; explicitFileType = wrapper.application; includeInIndex = 0; path = WeatherLayout.app; sourceTree = BUILT_PRODUCTS_DIR; };
		4333DF7E1D752B7C00D8DE8C /* AppDelegate.swift */ = {isa = PBXFileReference; lastKnownFileType = sourcecode.swift; path = AppDelegate.swift; sourceTree = "<group>"; };
		4333DF801D752B7C00D8DE8C /* ViewController.swift */ = {isa = PBXFileReference; lastKnownFileType = sourcecode.swift; path = ViewController.swift; sourceTree = "<group>"; };
		4333DF831D752B7C00D8DE8C /* Base */ = {isa = PBXFileReference; lastKnownFileType = file.storyboard; name = Base; path = Base.lproj/Main.storyboard; sourceTree = "<group>"; };
		4333DF851D752B7C00D8DE8C /* Assets.xcassets */ = {isa = PBXFileReference; lastKnownFileType = folder.assetcatalog; path = Assets.xcassets; sourceTree = "<group>"; };
		4333DF881D752B7C00D8DE8C /* Base */ = {isa = PBXFileReference; lastKnownFileType = file.storyboard; name = Base; path = Base.lproj/LaunchScreen.storyboard; sourceTree = "<group>"; };
		4333DF8A1D752B7C00D8DE8C /* Info.plist */ = {isa = PBXFileReference; lastKnownFileType = text.plist.xml; path = Info.plist; sourceTree = "<group>"; };
		4333DF8F1D752B7C00D8DE8C /* WeatherLayoutTests.xctest */ = {isa = PBXFileReference; explicitFileType = wrapper.cfbundle; includeInIndex = 0; path = WeatherLayoutTests.xctest; sourceTree = BUILT_PRODUCTS_DIR; };
		4333DF931D752B7C00D8DE8C /* WeatherLayoutTests.swift */ = {isa = PBXFileReference; lastKnownFileType = sourcecode.swift; path = WeatherLayoutTests.swift; sourceTree = "<group>"; };
		4333DF951D752B7C00D8DE8C /* Info.plist */ = {isa = PBXFileReference; lastKnownFileType = text.plist.xml; path = Info.plist; sourceTree = "<group>"; };
		4333DF9A1D752B7C00D8DE8C /* WeatherLayoutUITests.xctest */ = {isa = PBXFileReference; explicitFileType = wrapper.cfbundle; includeInIndex = 0; path = WeatherLayoutUITests.xctest; sourceTree = BUILT_PRODUCTS_DIR; };
		4333DF9E1D752B7C00D8DE8C /* WeatherLayoutUITests.swift */ = {isa = PBXFileReference; lastKnownFileType = sourcecode.swift; path = WeatherLayoutUITests.swift; sourceTree = "<group>"; };
		4333DFA01D752B7C00D8DE8C /* Info.plist */ = {isa = PBXFileReference; lastKnownFileType = text.plist.xml; path = Info.plist; sourceTree = "<group>"; };
/* End PBXFileReference section */

/* Begin PBXFrameworksBuildPhase section */
		4333DF781D752B7C00D8DE8C /* Frameworks */ = {
			isa = PBXFrameworksBuildPhase;
			buildActionMask = 2147483647;
			files = (
			);
			runOnlyForDeploymentPostprocessing = 0;
		};
		4333DF8C1D752B7C00D8DE8C /* Frameworks */ = {
			isa = PBXFrameworksBuildPhase;
			buildActionMask = 2147483647;
			files = (
			);
			runOnlyForDeploymentPostprocessing = 0;
		};
		4333DF971D752B7C00D8DE8C /* Frameworks */ = {
			isa = PBXFrameworksBuildPhase;
			buildActionMask = 2147483647;
			files = (
			);
			runOnlyForDeploymentPostprocessing = 0;
		};
/* End PBXFrameworksBuildPhase section */

/* Begin PBXGroup section */
		4333DF721D752B7C00D8DE8C = {
			isa = PBXGroup;
			children = (
				4333DF7D1D752B7C00D8DE8C /* WeatherLayout */,
				4333DF921D752B7C00D8DE8C /* WeatherLayoutTests */,
				4333DF9D1D752B7C00D8DE8C /* WeatherLayoutUITests */,
				4333DF7C1D752B7C00D8DE8C /* Products */,
			);
			sourceTree = "<group>";
		};
		4333DF7C1D752B7C00D8DE8C /* Products */ = {
			isa = PBXGroup;
			children = (
				4333DF7B1D752B7C00D8DE8C /* WeatherLayout.app */,
				4333DF8F1D752B7C00D8DE8C /* WeatherLayoutTests.xctest */,
				4333DF9A1D752B7C00D8DE8C /* WeatherLayoutUITests.xctest */,
			);
			name = Products;
			sourceTree = "<group>";
		};
		4333DF7D1D752B7C00D8DE8C /* WeatherLayout */ = {
			isa = PBXGroup;
			children = (
				4333DF7E1D752B7C00D8DE8C /* AppDelegate.swift */,
				4333DF801D752B7C00D8DE8C /* ViewController.swift */,
				4333DF821D752B7C00D8DE8C /* Main.storyboard */,
				4333DF851D752B7C00D8DE8C /* Assets.xcassets */,
				4333DF871D752B7C00D8DE8C /* LaunchScreen.storyboard */,
				4333DF8A1D752B7C00D8DE8C /* Info.plist */,
			);
			path = WeatherLayout;
			sourceTree = "<group>";
		};
		4333DF921D752B7C00D8DE8C /* WeatherLayoutTests */ = {
			isa = PBXGroup;
			children = (
				4333DF931D752B7C00D8DE8C /* WeatherLayoutTests.swift */,
				4333DF951D752B7C00D8DE8C /* Info.plist */,
			);
			path = WeatherLayoutTests;
			sourceTree = "<group>";
		};
		4333DF9D1D752B7C00D8DE8C /* WeatherLayoutUITests */ = {
			isa = PBXGroup;
			children = (
				4333DF9E1D752B7C00D8DE8C /* WeatherLayoutUITests.swift */,
				4333DFA01D752B7C00D8DE8C /* Info.plist */,
			);
			path = WeatherLayoutUITests;
			sourceTree = "<group>";
		};
/* End PBXGroup section */

/* Begin PBXNativeTarget section */
		4333DF7A1D752B7C00D8DE8C /* WeatherLayout */ = {
			isa = PBXNativeTarget;
			buildConfigurationList = 4333DFA31D752B7C00D8DE8C /* Build configuration list for PBXNativeTarget "WeatherLayout" */;
			buildPhases = (
				4333DF771D752B7C00D8DE8C /* Sources */,
				4333DF781D752B7C00D8DE8C /* Frameworks */,
				4333DF791D752B7C00D8DE8C /* Resources */,
			);
			buildRules = (
			);
			dependencies = (
			);
			name = WeatherLayout;
			productName = WeatherLayout;
			productReference = 4333DF7B1D752B7C00D8DE8C /* WeatherLayout.app */;
			productType = "com.apple.product-type.application";
		};
		4333DF8E1D752B7C00D8DE8C /* WeatherLayoutTests */ = {
			isa = PBXNativeTarget;
			buildConfigurationList = 4333DFA61D752B7C00D8DE8C /* Build configuration list for PBXNativeTarget "WeatherLayoutTests" */;
			buildPhases = (
				4333DF8B1D752B7C00D8DE8C /* Sources */,
				4333DF8C1D752B7C00D8DE8C /* Frameworks */,
				4333DF8D1D752B7C00D8DE8C /* Resources */,
			);
			buildRules = (
			);
			dependencies = (
				4333DF911D752B7C00D8DE8C /* PBXTargetDependency */,
			);
			name = WeatherLayoutTests;
			productName = WeatherLayoutTests;
			productReference = 4333DF8F1D752B7C00D8DE8C /* WeatherLayoutTests.xctest */;
			productType = "com.apple.product-type.bundle.unit-test";
		};
		4333DF991D752B7C00D8DE8C /* WeatherLayoutUITests */ = {
			isa = PBXNativeTarget;
			buildConfigurationList = 4333DFA91D752B7C00D8DE8C /* Build configuration list for PBXNativeTarget "WeatherLayoutUITests" */;
			buildPhases = (
				4333DF961D752B7C00D8DE8C /* Sources */,
				4333DF971D752B7C00D8DE8C /* Frameworks */,
				4333DF981D752B7C00D8DE8C /* Resources */,
			);
			buildRules = (
			);
			dependencies = (
				4333DF9C1D752B7C00D8DE8C /* PBXTargetDependency */,
			);
			name = WeatherLayoutUITests;
			productName = WeatherLayoutUITests;
			productReference = 4333DF9A1D752B7C00D8DE8C /* WeatherLayoutUITests.xctest */;
			productType = "com.apple.product-type.bundle.ui-testing";
		};
/* End PBXNativeTarget section */

/* Begin PBXProject section */
		4333DF731D752B7C00D8DE8C /* Project object */ = {
			isa = PBXProject;
			attributes = {
				LastSwiftUpdateCheck = 0730;
				LastUpgradeCheck = 0730;
				ORGANIZATIONNAME = TTB10912;
				TargetAttributes = {
					4333DF7A1D752B7C00D8DE8C = {
						CreatedOnToolsVersion = 7.3.1;
					};
					4333DF8E1D752B7C00D8DE8C = {
						CreatedOnToolsVersion = 7.3.1;
						TestTargetID = 4333DF7A1D752B7C00D8DE8C;
					};
					4333DF991D752B7C00D8DE8C = {
						CreatedOnToolsVersion = 7.3.1;
						TestTargetID = 4333DF7A1D752B7C00D8DE8C;
					};
				};
			};
			buildConfigurationList = 4333DF761D752B7C00D8DE8C /* Build configuration list for PBXProject "WeatherLayout" */;
			compatibilityVersion = "Xcode 3.2";
			developmentRegion = English;
			hasScannedForEncodings = 0;
			knownRegions = (
				en,
				Base,
			);
			mainGroup = 4333DF721D752B7C00D8DE8C;
			productRefGroup = 4333DF7C1D752B7C00D8DE8C /* Products */;
			projectDirPath = "";
			projectRoot = "";
			targets = (
				4333DF7A1D752B7C00D8DE8C /* WeatherLayout */,
				4333DF8E1D752B7C00D8DE8C /* WeatherLayoutTests */,
				4333DF991D752B7C00D8DE8C /* WeatherLayoutUITests */,
			);
		};
/* End PBXProject section */

/* Begin PBXResourcesBuildPhase section */
		4333DF791D752B7C00D8DE8C /* Resources */ = {
			isa = PBXResourcesBuildPhase;
			buildActionMask = 2147483647;
			files = (
				4333DF891D752B7C00D8DE8C /* LaunchScreen.storyboard in Resources */,
				4333DF861D752B7C00D8DE8C /* Assets.xcassets in Resources */,
				4333DF841D752B7C00D8DE8C /* Main.storyboard in Resources */,
			);
			runOnlyForDeploymentPostprocessing = 0;
		};
		4333DF8D1D752B7C00D8DE8C /* Resources */ = {
			isa = PBXResourcesBuildPhase;
			buildActionMask = 2147483647;
			files = (
			);
			runOnlyForDeploymentPostprocessing = 0;
		};
		4333DF981D752B7C00D8DE8C /* Resources */ = {
			isa = PBXResourcesBuildPhase;
			buildActionMask = 2147483647;
			files = (
			);
			runOnlyForDeploymentPostprocessing = 0;
		};
/* End PBXResourcesBuildPhase section */

/* Begin PBXSourcesBuildPhase section */
		4333DF771D752B7C00D8DE8C /* Sources */ = {
			isa = PBXSourcesBuildPhase;
			buildActionMask = 2147483647;
			files = (
				4333DF811D752B7C00D8DE8C /* ViewController.swift in Sources */,
				4333DF7F1D752B7C00D8DE8C /* AppDelegate.swift in Sources */,
			);
			runOnlyForDeploymentPostprocessing = 0;
		};
		4333DF8B1D752B7C00D8DE8C /* Sources */ = {
			isa = PBXSourcesBuildPhase;
			buildActionMask = 2147483647;
			files = (
				4333DF941D752B7C00D8DE8C /* WeatherLayoutTests.swift in Sources */,
			);
			runOnlyForDeploymentPostprocessing = 0;
		};
		4333DF961D752B7C00D8DE8C /* Sources */ = {
			isa = PBXSourcesBuildPhase;
			buildActionMask = 2147483647;
			files = (
				4333DF9F1D752B7C00D8DE8C /* WeatherLayoutUITests.swift in Sources */,
			);
			runOnlyForDeploymentPostprocessing = 0;
		};
/* End PBXSourcesBuildPhase section */

/* Begin PBXTargetDependency section */
		4333DF911D752B7C00D8DE8C /* PBXTargetDependency */ = {
			isa = PBXTargetDependency;
			target = 4333DF7A1D752B7C00D8DE8C /* WeatherLayout */;
			targetProxy = 4333DF901D752B7C00D8DE8C /* PBXContainerItemProxy */;
		};
		4333DF9C1D752B7C00D8DE8C /* PBXTargetDependency */ = {
			isa = PBXTargetDependency;
			target = 4333DF7A1D752B7C00D8DE8C /* WeatherLayout */;
			targetProxy = 4333DF9B1D752B7C00D8DE8C /* PBXContainerItemProxy */;
		};
/* End PBXTargetDependency section */

/* Begin PBXVariantGroup section */
		4333DF821D752B7C00D8DE8C /* Main.storyboard */ = {
			isa = PBXVariantGroup;
			children = (
				4333DF831D752B7C00D8DE8C /* Base */,
			);
			name = Main.storyboard;
			sourceTree = "<group>";
		};
		4333DF871D752B7C00D8DE8C /* LaunchScreen.storyboard */ = {
			isa = PBXVariantGroup;
			children = (
				4333DF881D752B7C00D8DE8C /* Base */,
			);
			name = LaunchScreen.storyboard;
			sourceTree = "<group>";
		};
/* End PBXVariantGroup section */

/* Begin XCBuildConfiguration section */
		4333DFA11D752B7C00D8DE8C /* Debug */ = {
			isa = XCBuildConfiguration;
			buildSettings = {
				ALWAYS_SEARCH_USER_PATHS = NO;
				CLANG_ANALYZER_NONNULL = YES;
				CLANG_CXX_LANGUAGE_STANDARD = "gnu++0x";
				CLANG_CXX_LIBRARY = "libc++";
				CLANG_ENABLE_MODULES = YES;
				CLANG_ENABLE_OBJC_ARC = YES;
				CLANG_WARN_BOOL_CONVERSION = YES;
				CLANG_WARN_CONSTANT_CONVERSION = YES;
				CLANG_WARN_DIRECT_OBJC_ISA_USAGE = YES_ERROR;
				CLANG_WARN_EMPTY_BODY = YES;
				CLANG_WARN_ENUM_CONVERSION = YES;
				CLANG_WARN_INT_CONVERSION = YES;
				CLANG_WARN_OBJC_ROOT_CLASS = YES_ERROR;
				CLANG_WARN_UNREACHABLE_CODE = YES;
				CLANG_WARN__DUPLICATE_METHOD_MATCH = YES;
				"CODE_SIGN_IDENTITY[sdk=iphoneos*]" = "iPhone Developer";
				COPY_PHASE_STRIP = NO;
				DEBUG_INFORMATION_FORMAT = dwarf;
				ENABLE_STRICT_OBJC_MSGSEND = YES;
				ENABLE_TESTABILITY = YES;
				GCC_C_LANGUAGE_STANDARD = gnu99;
				GCC_DYNAMIC_NO_PIC = NO;
				GCC_NO_COMMON_BLOCKS = YES;
				GCC_OPTIMIZATION_LEVEL = 0;
				GCC_PREPROCESSOR_DEFINITIONS = (
					"DEBUG=1",
					"$(inherited)",
				);
				GCC_WARN_64_TO_32_BIT_CONVERSION = YES;
				GCC_WARN_ABOUT_RETURN_TYPE = YES_ERROR;
				GCC_WARN_UNDECLARED_SELECTOR = YES;
				GCC_WARN_UNINITIALIZED_AUTOS = YES_AGGRESSIVE;
				GCC_WARN_UNUSED_FUNCTION = YES;
				GCC_WARN_UNUSED_VARIABLE = YES;
				IPHONEOS_DEPLOYMENT_TARGET = 9.3;
				MTL_ENABLE_DEBUG_INFO = YES;
				ONLY_ACTIVE_ARCH = YES;
				SDKROOT = iphoneos;
				SWIFT_OPTIMIZATION_LEVEL = "-Onone";
				TARGETED_DEVICE_FAMILY = "1,2";
			};
			name = Debug;
		};
		4333DFA21D752B7C00D8DE8C /* Release */ = {
			isa = XCBuildConfiguration;
			buildSettings = {
				ALWAYS_SEARCH_USER_PATHS = NO;
				CLANG_ANALYZER_NONNULL = YES;
				CLANG_CXX_LANGUAGE_STANDARD = "gnu++0x";
				CLANG_CXX_LIBRARY = "libc++";
				CLANG_ENABLE_MODULES = YES;
				CLANG_ENABLE_OBJC_ARC = YES;
				CLANG_WARN_BOOL_CONVERSION = YES;
				CLANG_WARN_CONSTANT_CONVERSION = YES;
				CLANG_WARN_DIRECT_OBJC_ISA_USAGE = YES_ERROR;
				CLANG_WARN_EMPTY_BODY = YES;
				CLANG_WARN_ENUM_CONVERSION = YES;
				CLANG_WARN_INT_CONVERSION = YES;
				CLANG_WARN_OBJC_ROOT_CLASS = YES_ERROR;
				CLANG_WARN_UNREACHABLE_CODE = YES;
				CLANG_WARN__DUPLICATE_METHOD_MATCH = YES;
				"CODE_SIGN_IDENTITY[sdk=iphoneos*]" = "iPhone Developer";
				COPY_PHASE_STRIP = NO;
				DEBUG_INFORMATION_FORMAT = "dwarf-with-dsym";
				ENABLE_NS_ASSERTIONS = NO;
				ENABLE_STRICT_OBJC_MSGSEND = YES;
				GCC_C_LANGUAGE_STANDARD = gnu99;
				GCC_NO_COMMON_BLOCKS = YES;
				GCC_WARN_64_TO_32_BIT_CONVERSION = YES;
				GCC_WARN_ABOUT_RETURN_TYPE = YES_ERROR;
				GCC_WARN_UNDECLARED_SELECTOR = YES;
				GCC_WARN_UNINITIALIZED_AUTOS = YES_AGGRESSIVE;
				GCC_WARN_UNUSED_FUNCTION = YES;
				GCC_WARN_UNUSED_VARIABLE = YES;
				IPHONEOS_DEPLOYMENT_TARGET = 9.3;
				MTL_ENABLE_DEBUG_INFO = NO;
				SDKROOT = iphoneos;
				TARGETED_DEVICE_FAMILY = "1,2";
				VALIDATE_PRODUCT = YES;
			};
			name = Release;
		};
		4333DFA41D752B7C00D8DE8C /* Debug */ = {
			isa = XCBuildConfiguration;
			buildSettings = {
				ASSETCATALOG_COMPILER_APPICON_NAME = AppIcon;
				INFOPLIST_FILE = WeatherLayout/Info.plist;
				LD_RUNPATH_SEARCH_PATHS = "$(inherited) @executable_path/Frameworks";
				PRODUCT_BUNDLE_IDENTIFIER = c.ttb10912.WeatherLayout;
				PRODUCT_NAME = "$(TARGET_NAME)";
			};
			name = Debug;
		};
		4333DFA51D752B7C00D8DE8C /* Release */ = {
			isa = XCBuildConfiguration;
			buildSettings = {
				ASSETCATALOG_COMPILER_APPICON_NAME = AppIcon;
				INFOPLIST_FILE = WeatherLayout/Info.plist;
				LD_RUNPATH_SEARCH_PATHS = "$(inherited) @executable_path/Frameworks";
				PRODUCT_BUNDLE_IDENTIFIER = c.ttb10912.WeatherLayout;
				PRODUCT_NAME = "$(TARGET_NAME)";
			};
			name = Release;
		};
		4333DFA71D752B7C00D8DE8C /* Debug */ = {
			isa = XCBuildConfiguration;
			buildSettings = {
				BUNDLE_LOADER = "$(TEST_HOST)";
				INFOPLIST_FILE = WeatherLayoutTests/Info.plist;
				LD_RUNPATH_SEARCH_PATHS = "$(inherited) @executable_path/Frameworks @loader_path/Frameworks";
				PRODUCT_BUNDLE_IDENTIFIER = c.ttb10912.WeatherLayoutTests;
				PRODUCT_NAME = "$(TARGET_NAME)";
				TEST_HOST = "$(BUILT_PRODUCTS_DIR)/WeatherLayout.app/WeatherLayout";
			};
			name = Debug;
		};
		4333DFA81D752B7C00D8DE8C /* Release */ = {
			isa = XCBuildConfiguration;
			buildSettings = {
				BUNDLE_LOADER = "$(TEST_HOST)";
				INFOPLIST_FILE = WeatherLayoutTests/Info.plist;
				LD_RUNPATH_SEARCH_PATHS = "$(inherited) @executable_path/Frameworks @loader_path/Frameworks";
				PRODUCT_BUNDLE_IDENTIFIER = c.ttb10912.WeatherLayoutTests;
				PRODUCT_NAME = "$(TARGET_NAME)";
				TEST_HOST = "$(BUILT_PRODUCTS_DIR)/WeatherLayout.app/WeatherLayout";
			};
			name = Release;
		};
		4333DFAA1D752B7C00D8DE8C /* Debug */ = {
			isa = XCBuildConfiguration;
			buildSettings = {
				INFOPLIST_FILE = WeatherLayoutUITests/Info.plist;
				LD_RUNPATH_SEARCH_PATHS = "$(inherited) @executable_path/Frameworks @loader_path/Frameworks";
				PRODUCT_BUNDLE_IDENTIFIER = c.ttb10912.WeatherLayoutUITests;
				PRODUCT_NAME = "$(TARGET_NAME)";
				TEST_TARGET_NAME = WeatherLayout;
			};
			name = Debug;
		};
		4333DFAB1D752B7C00D8DE8C /* Release */ = {
			isa = XCBuildConfiguration;
			buildSettings = {
				INFOPLIST_FILE = WeatherLayoutUITests/Info.plist;
				LD_RUNPATH_SEARCH_PATHS = "$(inherited) @executable_path/Frameworks @loader_path/Frameworks";
				PRODUCT_BUNDLE_IDENTIFIER = c.ttb10912.WeatherLayoutUITests;
				PRODUCT_NAME = "$(TARGET_NAME)";
				TEST_TARGET_NAME = WeatherLayout;
			};
			name = Release;
		};
/* End XCBuildConfiguration section */

/* Begin XCConfigurationList section */
		4333DF761D752B7C00D8DE8C /* Build configuration list for PBXProject "WeatherLayout" */ = {
			isa = XCConfigurationList;
			buildConfigurations = (
				4333DFA11D752B7C00D8DE8C /* Debug */,
				4333DFA21D752B7C00D8DE8C /* Release */,
			);
			defaultConfigurationIsVisible = 0;
			defaultConfigurationName = Release;
		};
		4333DFA31D752B7C00D8DE8C /* Build configuration list for PBXNativeTarget "WeatherLayout" */ = {
			isa = XCConfigurationList;
			buildConfigurations = (
				4333DFA41D752B7C00D8DE8C /* Debug */,
				4333DFA51D752B7C00D8DE8C /* Release */,
			);
			defaultConfigurationIsVisible = 0;
		};
		4333DFA61D752B7C00D8DE8C /* Build configuration list for PBXNativeTarget "WeatherLayoutTests" */ = {
			isa = XCConfigurationList;
			buildConfigurations = (
				4333DFA71D752B7C00D8DE8C /* Debug */,
				4333DFA81D752B7C00D8DE8C /* Release */,
			);
			defaultConfigurationIsVisible = 0;
		};
		4333DFA91D752B7C00D8DE8C /* Build configuration list for PBXNativeTarget "WeatherLayoutUITests" */ = {
			isa = XCConfigurationList;
			buildConfigurations = (
				4333DFAA1D752B7C00D8DE8C /* Debug */,
				4333DFAB1D752B7C00D8DE8C /* Release */,
			);
			defaultConfigurationIsVisible = 0;
		};
/* End XCConfigurationList section */
	};
	rootObject = 4333DF731D752B7C00D8DE8C /* Project object */;
}
